Microsoft Visual Studio Solution File, Format Version 12.00
# Visual Studio Version 17
VisualStudioVersion = 17.5.2.0
MinimumVisualStudioVersion = 10.0.40219.1
Project("{FAE04EC0-301F-11D3-BF4B-00C04F79EFBC}") = "letrack-api", "letrack-api.csproj", "{2CA9615C-CF60-75E5-BCB9-5C8986E387C6}"
EndProject
Global
	GlobalSection(SolutionConfigurationPlatforms) = preSolution
		Debug|Any CPU = Debug|Any CPU
		Release|Any CPU = Release|Any CPU
	EndGlobalSection
	GlobalSection(ProjectConfigurationPlatforms) = postSolution
		{2CA9615C-CF60-75E5-BCB9-5C8986E387C6}.Debug|Any CPU.ActiveCfg = Debug|Any CPU
		{2CA9615C-CF60-75E5-BCB9-5C8986E387C6}.Debug|Any CPU.Build.0 = Debug|Any CPU
		{2CA9615C-CF60-75E5-BCB9-5C8986E387C6}.Release|Any CPU.ActiveCfg = Release|Any CPU
		{2CA9615C-CF60-75E5-BCB9-5C8986E387C6}.Release|Any CPU.Build.0 = Release|Any CPU
	EndGlobalSection
	GlobalSection(SolutionProperties) = preSolution
		HideSolutionNode = FALSE
	EndGlobalSection
	GlobalSection(ExtensibilityGlobals) = postSolution
		SolutionGuid = {940F4AB7-E38B-4AA2-84B3-87D6FA89DB21}
	EndGlobalSection
EndGlobal
